
Microsoft Visual Studio Solution File, Format Version 12.00
# Visual Studio Version 17
VisualStudioVersion = 17.5.002.0
MinimumVisualStudioVersion = 10.0.40219.1
Project("{9A19103F-16F7-4668-BE54-9A1E7A4F7556}") = "StarWars.Copilot", "src\StarWars.Copilot.csproj", "{8CD74BDD-73A6-4C62-BB1F-4F914CD5C691}"
EndProject
Project("{FAE04EC0-301F-11D3-BF4B-00C04F79EFBC}") = "GalacticEmpire", "GalacticEmpire\src\GalacticEmpire.csproj", "{76BC3766-7FFD-4768-AA6C-6FA34893866B}"
EndProject
Global
	GlobalSection(SolutionConfigurationPlatforms) = preSolution
		Debug|Any CPU = Debug|Any CPU
		Release|Any CPU = Release|Any CPU
	EndGlobalSection
	GlobalSection(ProjectConfigurationPlatforms) = postSolution
		{8CD74BDD-73A6-4C62-BB1F-4F914CD5C691}.Debug|Any CPU.ActiveCfg = Debug|Any CPU
		{8CD74BDD-73A6-4C62-BB1F-4F914CD5C691}.Debug|Any CPU.Build.0 = Debug|Any CPU
		{8CD74BDD-73A6-4C62-BB1F-4F914CD5C691}.Release|Any CPU.ActiveCfg = Release|Any CPU
		{8CD74BDD-73A6-4C62-BB1F-4F914CD5C691}.Release|Any CPU.Build.0 = Release|Any CPU
		{76BC3766-7FFD-4768-AA6C-6FA34893866B}.Debug|Any CPU.ActiveCfg = Debug|Any CPU
		{76BC3766-7FFD-4768-AA6C-6FA34893866B}.Debug|Any CPU.Build.0 = Debug|Any CPU
		{76BC3766-7FFD-4768-AA6C-6FA34893866B}.Release|Any CPU.ActiveCfg = Release|Any CPU
		{76BC3766-7FFD-4768-AA6C-6FA34893866B}.Release|Any CPU.Build.0 = Release|Any CPU
	EndGlobalSection
	GlobalSection(SolutionProperties) = preSolution
		HideSolutionNode = FALSE
	EndGlobalSection
	GlobalSection(ExtensibilityGlobals) = postSolution
		SolutionGuid = {CF3CAA00-A238-4EC6-A910-BDE6E596D623}
	EndGlobalSection
	GlobalSection(NestedProjects) = preSolution
		{76BC3766-7FFD-4768-AA6C-6FA34893866B} = {F81E9378-4A8D-471C-B5D8-B828FDD4D153}
	EndGlobalSection
EndGlobal
